
Microsoft Visual Studio Solution File, Format Version 12.00
# Visual Studio Version 16
VisualStudioVersion = 16.0.31129.286
MinimumVisualStudioVersion = 10.0.40219.1
Project("{FAE04EC0-301F-11D3-BF4B-00C04F79EFBC}") = "borsa", "borsa\borsa.csproj", "{31913374-CA22-41CB-87F5-DAF756C800B4}"
EndProject
Global
	GlobalSection(SolutionConfigurationPlatforms) = preSolution
		Debug|Any CPU = Debug|Any CPU
		Release|Any CPU = Release|Any CPU
	EndGlobalSection
	GlobalSection(ProjectConfigurationPlatforms) = postSolution
		{31913374-CA22-41CB-87F5-DAF756C800B4}.Debug|Any CPU.ActiveCfg = Debug|Any CPU
		{31913374-CA22-41CB-87F5-DAF756C800B4}.Debug|Any CPU.Build.0 = Debug|Any CPU
		{31913374-CA22-41CB-87F5-DAF756C800B4}.Release|Any CPU.ActiveCfg = Release|Any CPU
		{31913374-CA22-41CB-87F5-DAF756C800B4}.Release|Any CPU.Build.0 = Release|Any CPU
	EndGlobalSection
	GlobalSection(SolutionProperties) = preSolution
		HideSolutionNode = FALSE
	EndGlobalSection
	GlobalSection(ExtensibilityGlobals) = postSolution
		SolutionGuid = {9E3B3B76-F1CE-4B5F-A244-9AC72595EA46}
	EndGlobalSection
EndGlobal
